PODS:
  - TensorFlowLiteTaskAudio (0.4.3)

DEPENDENCIES:
  - TensorFlowLiteTaskAudio (= 0.4.3)

SPEC REPOS:
  trunk:
    - TensorFlowLiteTaskAudio

SPEC CHECKSUMS:
  TensorFlowLiteTaskAudio: c712928d24d194fc6a461d7894aff29392eb0872

PODFILE CHECKSUM: 0ea1a8c1aba613ca622e3e6cab76f2a706972c87

COCOAPODS: 1.11.3
